{
  "version": 4,
  "terraform_version": "1.11.4",
  "serial": 29,
  "lineage": "5fedd5f8-3494-c5b5-3fc9-ff0341cf219c",
  "outputs": {
    "instance_public_ip": {
      "value": "54.95.221.66",
      "type": "string"
    },
    "ssh_command": {
      "value": "ssh -i ~/.ssh/meijo-hackathon-2025 ec2-user@54.95.221.66",
      "type": "string"
    }
  },
  "resources": [
    {
      "mode": "managed",
      "type": "aws_eip",
      "name": "app_eip",
      "provider": "provider[\"registry.terraform.io/hashicorp/aws\"]",
      "instances": [
        {
          "schema_version": 0,
          "attributes": {
            "address": null,
            "allocation_id": "eipalloc-05130c5c32b50d568",
            "arn": "arn:aws:ec2:ap-northeast-1:418272760017:elastic-ip/eipalloc-05130c5c32b50d568",
            "associate_with_private_ip": null,
            "association_id": "",
            "carrier_ip": "",
            "customer_owned_ip": "",
            "customer_owned_ipv4_pool": "",
            "domain": "vpc",
            "id": "eipalloc-05130c5c32b50d568",
            "instance": "",
            "ipam_pool_id": null,
            "network_border_group": "ap-northeast-1",
            "network_interface": "",
            "private_dns": null,
            "private_ip": "",
            "ptr_record": "",
            "public_dns": "ec2-54-95-221-66.ap-northeast-1.compute.amazonaws.com",
            "public_ip": "54.95.221.66",
            "public_ipv4_pool": "amazon",
            "region": "ap-northeast-1",
            "tags": {
              "Name": "hackathon-app-eip"
            },
            "tags_all": {
              "Name": "hackathon-app-eip"
            },
            "timeouts": null
          },
          "sensitive_attributes": [],
          "private": "eyJlMmJmYjczMC1lY2FhLTExZTYtOGY4OC0zNDM2M2JjN2M0YzAiOnsiZGVsZXRlIjoxODAwMDAwMDAwMDAsInJlYWQiOjkwMDAwMDAwMDAwMCwidXBkYXRlIjozMDAwMDAwMDAwMDB9fQ=="
        }
      ]
    },
    {
      "mode": "managed",
      "type": "aws_eip_association",
      "name": "app_assoc",
      "provider": "provider[\"registry.terraform.io/hashicorp/aws\"]",
      "instances": [
        {
          "schema_version": 0,
          "attributes": {
            "allocation_id": "eipalloc-05130c5c32b50d568",
            "allow_reassociation": null,
            "id": "eipassoc-0fda535c21d86b031",
            "instance_id": "i-0681603c745250e43",
            "network_interface_id": "eni-07d6159dc1a0f26be",
            "private_ip_address": "172.31.19.176",
            "public_ip": "54.95.221.66",
            "region": "ap-northeast-1"
          },
          "sensitive_attributes": [],
          "private": "bnVsbA==",
          "dependencies": [
            "aws_eip.app_eip",
            "aws_instance.app_server",
            "aws_security_group.app_sg"
          ]
        }
      ]
    },
    {
      "mode": "managed",
      "type": "aws_instance",
      "name": "app_server",
      "provider": "provider[\"registry.terraform.io/hashicorp/aws\"]",
      "instances": [
        {
          "schema_version": 2,
          "attributes": {
            "ami": "ami-03852a41f1e05c8e4",
            "arn": "arn:aws:ec2:ap-northeast-1:418272760017:instance/i-0681603c745250e43",
            "associate_public_ip_address": true,
            "availability_zone": "ap-northeast-1d",
            "capacity_reservation_specification": [
              {
                "capacity_reservation_preference": "open",
                "capacity_reservation_target": []
              }
            ],
            "cpu_options": [
              {
                "amd_sev_snp": "",
                "core_count": 1,
                "threads_per_core": 2
              }
            ],
            "credit_specification": [
              {
                "cpu_credits": "unlimited"
              }
            ],
            "disable_api_stop": false,
            "disable_api_termination": false,
            "ebs_block_device": [],
            "ebs_optimized": false,
            "enable_primary_ipv6": null,
            "enclave_options": [
              {
                "enabled": false
              }
            ],
            "ephemeral_block_device": [],
            "force_destroy": false,
            "get_password_data": false,
            "hibernation": false,
            "host_id": "",
            "host_resource_group_arn": null,
            "iam_instance_profile": "",
            "id": "i-0681603c745250e43",
            "instance_initiated_shutdown_behavior": "stop",
            "instance_lifecycle": "",
            "instance_market_options": [],
            "instance_state": "running",
            "instance_type": "t3.medium",
            "ipv6_address_count": 0,
            "ipv6_addresses": [],
            "key_name": "meijo-hackathon-2025",
            "launch_template": [],
            "maintenance_options": [
              {
                "auto_recovery": "default"
              }
            ],
            "metadata_options": [
              {
                "http_endpoint": "enabled",
                "http_protocol_ipv6": "disabled",
                "http_put_response_hop_limit": 2,
                "http_tokens": "required",
                "instance_metadata_tags": "disabled"
              }
            ],
            "monitoring": false,
            "network_interface": [],
            "outpost_arn": "",
            "password_data": "",
            "placement_group": "",
            "placement_group_id": "",
            "placement_partition_number": 0,
            "primary_network_interface": [
              {
                "delete_on_termination": true,
                "network_interface_id": "eni-07d6159dc1a0f26be"
              }
            ],
            "primary_network_interface_id": "eni-07d6159dc1a0f26be",
            "private_dns": "ip-172-31-19-176.ap-northeast-1.compute.internal",
            "private_dns_name_options": [
              {
                "enable_resource_name_dns_a_record": false,
                "enable_resource_name_dns_aaaa_record": false,
                "hostname_type": "ip-name"
              }
            ],
            "private_ip": "172.31.19.176",
            "public_dns": "ec2-18-179-17-234.ap-northeast-1.compute.amazonaws.com",
            "public_ip": "18.179.17.234",
            "region": "ap-northeast-1",
            "root_block_device": [
              {
                "delete_on_termination": true,
                "device_name": "/dev/xvda",
                "encrypted": false,
                "iops": 3000,
                "kms_key_id": "",
                "tags": {},
                "tags_all": {},
                "throughput": 125,
                "volume_id": "vol-0cb98530569258883",
                "volume_size": 8,
                "volume_type": "gp3"
              }
            ],
            "secondary_private_ips": [],
            "security_groups": [
              "hackathon-app-sg"
            ],
            "source_dest_check": true,
            "spot_instance_request_id": "",
            "subnet_id": "subnet-07e906b4baf09501e",
            "tags": {
              "Name": "hackathon-app-server"
            },
            "tags_all": {
              "Name": "hackathon-app-server"
            },
            "tenancy": "default",
            "timeouts": null,
            "user_data": "#!/bin/bash\n\n# ログを /var/log/user_data.log に保存（デバッグ用）\nexec \u003e \u003e(tee /var/log/user_data.log|logger -t user-data -s 2\u003e/dev/console) 2\u003e\u00261\n\necho \"Start Setup...\"\n\n#-----------------------------------\n# 1. スワップ領域の確保 (t2.micro対策)\n#-----------------------------------\n# メモリ不足でビルドが落ちないように2GBのスワップファイルを作成\ndd if=/dev/zero of=/swapfile bs=128M count=16\nchmod 600 /swapfile\nmkswap /swapfile\nswapon /swapfile\n# 再起動後も有効になるように設定\necho \"/swapfile swap swap defaults 0 0\" \u003e\u003e /etc/fstab\n\necho \"Swap created.\"\n\n#-----------------------------------\n# 2. OS更新 \u0026 基本ツール\n#-----------------------------------\ndnf update -y\ndnf install -y git docker\n\n#-----------------------------------\n# 3. Dockerプラグインのインストール\n#-----------------------------------\nmkdir -p /usr/local/lib/docker/cli-plugins/\n\n# (A) Docker Compose (V2) のインストール\ncurl -SL https://github.com/docker/compose/releases/latest/download/docker-compose-linux-x86_64 -o /usr/local/lib/docker/cli-plugins/docker-compose\nchmod +x /usr/local/lib/docker/cli-plugins/docker-compose\n\n# (B) Docker Buildx のインストール (←今回追加した部分)\n# ※手動で成功したバージョン(v0.17.1)を指定しています\ncurl -L https://github.com/docker/buildx/releases/download/v0.17.1/buildx-v0.17.1.linux-amd64 -o /usr/local/lib/docker/cli-plugins/docker-buildx\nchmod +x /usr/local/lib/docker/cli-plugins/docker-buildx\n\n#-----------------------------------\n# 4. Docker起動設定\n#-----------------------------------\nsystemctl start docker\nsystemctl enable docker\nusermod -aG docker ec2-user\n\n#-----------------------------------\n# 5. アプリケーションのデプロイ\n#-----------------------------------\ncd /home/ec2-user\n\n# リポジトリをクローン（URLは適宜ご自身のものか確認してください）\ngit clone https://github.com/Can-t-find-it/Open-Hack-U-2025-Meijo-Backend-Go-App.git\n\n# 権限修正\nchown -R ec2-user:ec2-user /home/ec2-user/Open-Hack-U-2025-Meijo-Backend-Go-App\n\n# ディレクトリ移動\ncd /home/ec2-user/Open-Hack-U-2025-Meijo-Backend-Go-App\n\n# .env ファイルの作成 (空ファイルを作成してエラー回避)\ntouch .env\nchown ec2-user:ec2-user .env\n\n#-----------------------------------\n# 6. コンテナ起動\n#-----------------------------------\necho \"Starting Docker Compose...\"\n# Docker Compose でビルド＆起動\ndocker compose up -d --build\n\necho \"Setup All Completed!\"",
            "user_data_base64": null,
            "user_data_replace_on_change": false,
            "volume_tags": null,
            "vpc_security_group_ids": [
              "sg-04cbd6308201c885a"
            ]
          },
          "sensitive_attributes": [],
          "private": "eyJlMmJmYjczMC1lY2FhLTExZTYtOGY4OC0zNDM2M2JjN2M0YzAiOnsiY3JlYXRlIjo2MDAwMDAwMDAwMDAsImRlbGV0ZSI6MTIwMDAwMDAwMDAwMCwicmVhZCI6OTAwMDAwMDAwMDAwLCJ1cGRhdGUiOjYwMDAwMDAwMDAwMH0sInNjaGVtYV92ZXJzaW9uIjoiMiJ9",
          "dependencies": [
            "aws_security_group.app_sg"
          ]
        }
      ]
    },
    {
      "mode": "managed",
      "type": "aws_security_group",
      "name": "app_sg",
      "provider": "provider[\"registry.terraform.io/hashicorp/aws\"]",
      "instances": [
        {
          "schema_version": 1,
          "attributes": {
            "arn": "arn:aws:ec2:ap-northeast-1:418272760017:security-group/sg-04cbd6308201c885a",
            "description": "Allow SSH, HTTP, HTTPS, App",
            "egress": [
              {
                "cidr_blocks": [
                  "0.0.0.0/0"
                ],
                "description": "",
                "from_port": 0,
                "ipv6_cidr_blocks": [],
                "prefix_list_ids": [],
                "protocol": "-1",
                "security_groups": [],
                "self": false,
                "to_port": 0
              }
            ],
            "id": "sg-04cbd6308201c885a",
            "ingress": [
              {
                "cidr_blocks": [
                  "0.0.0.0/0"
                ],
                "description": "",
                "from_port": 22,
                "ipv6_cidr_blocks": [],
                "prefix_list_ids": [],
                "protocol": "tcp",
                "security_groups": [],
                "self": false,
                "to_port": 22
              },
              {
                "cidr_blocks": [
                  "0.0.0.0/0"
                ],
                "description": "",
                "from_port": 443,
                "ipv6_cidr_blocks": [],
                "prefix_list_ids": [],
                "protocol": "tcp",
                "security_groups": [],
                "self": false,
                "to_port": 443
              },
              {
                "cidr_blocks": [
                  "0.0.0.0/0"
                ],
                "description": "",
                "from_port": 8080,
                "ipv6_cidr_blocks": [],
                "prefix_list_ids": [],
                "protocol": "tcp",
                "security_groups": [],
                "self": false,
                "to_port": 8080
              },
              {
                "cidr_blocks": [
                  "0.0.0.0/0"
                ],
                "description": "",
                "from_port": 80,
                "ipv6_cidr_blocks": [],
                "prefix_list_ids": [],
                "protocol": "tcp",
                "security_groups": [],
                "self": false,
                "to_port": 80
              }
            ],
            "name": "hackathon-app-sg",
            "name_prefix": "",
            "owner_id": "418272760017",
            "region": "ap-northeast-1",
            "revoke_rules_on_delete": false,
            "tags": {
              "Name": "hackathon-app-sg"
            },
            "tags_all": {
              "Name": "hackathon-app-sg"
            },
            "timeouts": null,
            "vpc_id": "vpc-027235602746f68a8"
          },
          "sensitive_attributes": [],
          "private": "eyJlMmJmYjczMC1lY2FhLTExZTYtOGY4OC0zNDM2M2JjN2M0YzAiOnsiY3JlYXRlIjo2MDAwMDAwMDAwMDAsImRlbGV0ZSI6OTAwMDAwMDAwMDAwfSwic2NoZW1hX3ZlcnNpb24iOiIxIn0="
        }
      ]
    }
  ],
  "check_results": null
}
